// !$*UTF8*$!
{
	archiveVersion = 1;
	classes = {
	};
	objectVersion = 46;
	objects = {

/* Begin PBXBuildFile section */
		11D172A01BF54B600013D76F /* AppDelegate.swift in Sources */ = {isa = PBXBuildFile; fileRef = 11D1729F1BF54B600013D76F /* AppDelegate.swift */; };
		11D172A21BF54B600013D76F /* ViewController.swift in Sources */ = {isa = PBXBuildFile; fileRef = 11D172A11BF54B600013D76F /* ViewController.swift */; };
		11D172A51BF54B600013D76F /* Main.storyboard in Resources */ = {isa = PBXBuildFile; fileRef = 11D172A31BF54B600013D76F /* Main.storyboard */; };
		11D172A71BF54B600013D76F /* Assets.xcassets in Resources */ = {isa = PBXBuildFile; fileRef = 11D172A61BF54B600013D76F /* Assets.xcassets */; };
/* End PBXBuildFile section */

/* Begin PBXFileReference section */
		11D1729C1BF54B600013D76F /* SampletvOS.app */ = {isa = PBXFileReference; explicitFileType = wrapper.application; includeInIndex = 0; path = SampletvOS.app; sourceTree = BUILT_PRODUCTS_DIR; };
		11D1729F1BF54B600013D76F /* AppDelegate.swift */ = {isa = PBXFileReference; lastKnownFileType = sourcecode.swift; path = AppDelegate.swift; sourceTree = "<group>"; };
		11D172A11BF54B600013D76F /* ViewController.swift */ = {isa = PBXFileReference; lastKnownFileType = sourcecode.swift; path = ViewController.swift; sourceTree = "<group>"; };
		11D172A41BF54B600013D76F /* Base */ = {isa = PBXFileReference; lastKnownFileType = file.storyboard; name = Base; path = Base.lproj/Main.storyboard; sourceTree = "<group>"; };
		11D172A61BF54B600013D76F /* Assets.xcassets */ = {isa = PBXFileReference; lastKnownFileType = folder.assetcatalog; path = Assets.xcassets; sourceTree = "<group>"; };
		11D172A81BF54B600013D76F /* Info.plist */ = {isa = PBXFileReference; lastKnownFileType = text.plist.xml; path = Info.plist; sourceTree = "<group>"; };
/* End PBXFileReference section */

/* Begin PBXFrameworksBuildPhase section */
		11D172991BF54B600013D76F /* Frameworks */ = {
			isa = PBXFrameworksBuildPhase;
			buildActionMask = 2147483647;
			files = (
			);
			runOnlyForDeploymentPostprocessing = 0;
		};
/* End PBXFrameworksBuildPhase section */

/* Begin PBXGroup section */
		11D172931BF54B600013D76F = {
			isa = PBXGroup;
			children = (
				11D1729E1BF54B600013D76F /* SampletvOS */,
				11D1729D1BF54B600013D76F /* Products */,
			);
			sourceTree = "<group>";
		};
		11D1729D1BF54B600013D76F /* Products */ = {
			isa = PBXGroup;
			children = (
				11D1729C1BF54B600013D76F /* SampletvOS.app */,
			);
			name = Products;
			sourceTree = "<group>";
		};
		11D1729E1BF54B600013D76F /* SampletvOS */ = {
			isa = PBXGroup;
			children = (
				11D1729F1BF54B600013D76F /* AppDelegate.swift */,
				11D172A11BF54B600013D76F /* ViewController.swift */,
				11D172A31BF54B600013D76F /* Main.storyboard */,
				11D172A61BF54B600013D76F /* Assets.xcassets */,
				11D172A81BF54B600013D76F /* Info.plist */,
			);
			path = SampletvOS;
			sourceTree = "<group>";
		};
/* End PBXGroup section */

/* Begin PBXNativeTarget section */
		11D1729B1BF54B600013D76F /* SampletvOS */ = {
			isa = PBXNativeTarget;
			buildConfigurationList = 11D172AB1BF54B600013D76F /* Build configuration list for PBXNativeTarget "SampletvOS" */;
			buildPhases = (
				11D172981BF54B600013D76F /* Sources */,
				11D172991BF54B600013D76F /* Frameworks */,
				11D1729A1BF54B600013D76F /* Resources */,
			);
			buildRules = (
			);
			dependencies = (
			);
			name = SampletvOS;
			productName = SampletvOS;
			productReference = 11D1729C1BF54B600013D76F /* SampletvOS.app */;
			productType = "com.apple.product-type.application";
		};
/* End PBXNativeTarget section */

/* Begin PBXProject section */
		11D172941BF54B600013D76F /* Project object */ = {
			isa = PBXProject;
			attributes = {
				LastSwiftUpdateCheck = 0710;
				LastUpgradeCheck = 0710;
				ORGANIZATIONNAME = "Nikhil Kulkarni";
				TargetAttributes = {
					11D1729B1BF54B600013D76F = {
						CreatedOnToolsVersion = 7.1;
					};
				};
			};
			buildConfigurationList = 11D172971BF54B600013D76F /* Build configuration list for PBXProject "SampletvOS" */;
			compatibilityVersion = "Xcode 3.2";
			developmentRegion = English;
			hasScannedForEncodings = 0;
			knownRegions = (
				en,
				Base,
			);
			mainGroup = 11D172931BF54B600013D76F;
			productRefGroup = 11D1729D1BF54B600013D76F /* Products */;
			projectDirPath = "";
			projectRoot = "";
			targets = (
				11D1729B1BF54B600013D76F /* SampletvOS */,
			);
		};
/* End PBXProject section */

/* Begin PBXResourcesBuildPhase section */
		11D1729A1BF54B600013D76F /* Resources */ = {
			isa = PBXResourcesBuildPhase;
			buildActionMask = 2147483647;
			files = (
				11D172A71BF54B600013D76F /* Assets.xcassets in Resources */,
				11D172A51BF54B600013D76F /* Main.storyboard in Resources */,
			);
			runOnlyForDeploymentPostprocessing = 0;
		};
/* End PBXResourcesBuildPhase section */

/* Begin PBXSourcesBuildPhase section */
		11D172981BF54B600013D76F /* Sources */ = {
			isa = PBXSourcesBuildPhase;
			buildActionMask = 2147483647;
			files = (
				11D172A21BF54B600013D76F /* ViewController.swift in Sources */,
				11D172A01BF54B600013D76F /* AppDelegate.swift in Sources */,
			);
			runOnlyForDeploymentPostprocessing = 0;
		};
/* End PBXSourcesBuildPhase section */

/* Begin PBXVariantGroup section */
		11D172A31BF54B600013D76F /* Main.storyboard */ = {
			isa = PBXVariantGroup;
			children = (
				11D172A41BF54B600013D76F /* Base */,
			);
			name = Main.storyboard;
			sourceTree = "<group>";
		};
/* End PBXVariantGroup section */

/* Begin XCBuildConfiguration section */
		11D172A91BF54B600013D76F /* Debug */ = {
			isa = XCBuildConfiguration;
			buildSettings = {
				ALWAYS_SEARCH_USER_PATHS = NO;
				CLANG_CXX_LANGUAGE_STANDARD = "gnu++0x";
				CLANG_CXX_LIBRARY = "libc++";
				CLANG_ENABLE_MODULES = YES;
				CLANG_ENABLE_OBJC_ARC = YES;
				CLANG_WARN_BOOL_CONVERSION = YES;
				CLANG_WARN_CONSTANT_CONVERSION = YES;
				CLANG_WARN_DIRECT_OBJC_ISA_USAGE = YES_ERROR;
				CLANG_WARN_EMPTY_BODY = YES;
				CLANG_WARN_ENUM_CONVERSION = YES;
				CLANG_WARN_INT_CONVERSION = YES;
				CLANG_WARN_OBJC_ROOT_CLASS = YES_ERROR;
				CLANG_WARN_UNREACHABLE_CODE = YES;
				CLANG_WARN__DUPLICATE_METHOD_MATCH = YES;
				COPY_PHASE_STRIP = NO;
				DEBUG_INFORMATION_FORMAT = dwarf;
				ENABLE_STRICT_OBJC_MSGSEND = YES;
				ENABLE_TESTABILITY = YES;
				GCC_C_LANGUAGE_STANDARD = gnu99;
				GCC_DYNAMIC_NO_PIC = NO;
				GCC_NO_COMMON_BLOCKS = YES;
				GCC_OPTIMIZATION_LEVEL = 0;
				GCC_PREPROCESSOR_DEFINITIONS = (
					"DEBUG=1",
					"$(inherited)",
				);
				GCC_WARN_64_TO_32_BIT_CONVERSION = YES;
				GCC_WARN_ABOUT_RETURN_TYPE = YES_ERROR;
				GCC_WARN_UNDECLARED_SELECTOR = YES;
				GCC_WARN_UNINITIALIZED_AUTOS = YES_AGGRESSIVE;
				GCC_WARN_UNUSED_FUNCTION = YES;
				GCC_WARN_UNUSED_VARIABLE = YES;
				MTL_ENABLE_DEBUG_INFO = YES;
				ONLY_ACTIVE_ARCH = YES;
				SDKROOT = appletvos;
				SWIFT_OPTIMIZATION_LEVEL = "-Onone";
				TARGETED_DEVICE_FAMILY = 3;
				TVOS_DEPLOYMENT_TARGET = 9.0;
			};
			name = Debug;
		};
		11D172AA1BF54B600013D76F /* Release */ = {
			isa = XCBuildConfiguration;
			buildSettings = {
				ALWAYS_SEARCH_USER_PATHS = NO;
				CLANG_CXX_LANGUAGE_STANDARD = "gnu++0x";
				CLANG_CXX_LIBRARY = "libc++";
				CLANG_ENABLE_MODULES = YES;
				CLANG_ENABLE_OBJC_ARC = YES;
				CLANG_WARN_BOOL_CONVERSION = YES;
				CLANG_WARN_CONSTANT_CONVERSION = YES;
				CLANG_WARN_DIRECT_OBJC_ISA_USAGE = YES_ERROR;
				CLANG_WARN_EMPTY_BODY = YES;
				CLANG_WARN_ENUM_CONVERSION = YES;
				CLANG_WARN_INT_CONVERSION = YES;
				CLANG_WARN_OBJC_ROOT_CLASS = YES_ERROR;
				CLANG_WARN_UNREACHABLE_CODE = YES;
				CLANG_WARN__DUPLICATE_METHOD_MATCH = YES;
				COPY_PHASE_STRIP = NO;
				DEBUG_INFORMATION_FORMAT = "dwarf-with-dsym";
				ENABLE_NS_ASSERTIONS = NO;
				ENABLE_STRICT_OBJC_MSGSEND = YES;
				GCC_C_LANGUAGE_STANDARD = gnu99;
				GCC_NO_COMMON_BLOCKS = YES;
				GCC_WARN_64_TO_32_BIT_CONVERSION = YES;
				GCC_WARN_ABOUT_RETURN_TYPE = YES_ERROR;
				GCC_WARN_UNDECLARED_SELECTOR = YES;
				GCC_WARN_UNINITIALIZED_AUTOS = YES_AGGRESSIVE;
				GCC_WARN_UNUSED_FUNCTION = YES;
				GCC_WARN_UNUSED_VARIABLE = YES;
				MTL_ENABLE_DEBUG_INFO = NO;
				SDKROOT = appletvos;
				TARGETED_DEVICE_FAMILY = 3;
				TVOS_DEPLOYMENT_TARGET = 9.0;
				VALIDATE_PRODUCT = YES;
			};
			name = Release;
		};
		11D172AC1BF54B600013D76F /* Debug */ = {
			isa = XCBuildConfiguration;
			buildSettings = {
				ASSETCATALOG_COMPILER_APPICON_NAME = "App Icon & Top Shelf Image";
				ASSETCATALOG_COMPILER_LAUNCHIMAGE_NAME = LaunchImage;
				INFOPLIST_FILE = SampletvOS/Info.plist;
				LD_RUNPATH_SEARCH_PATHS = "$(inherited) @executable_path/Frameworks";
				PRODUCT_BUNDLE_IDENTIFIER = com.nikhilkulkarni.SampletvOS;
				PRODUCT_NAME = "$(TARGET_NAME)";
			};
			name = Debug;
		};
		11D172AD1BF54B600013D76F /* Release */ = {
			isa = XCBuildConfiguration;
			buildSettings = {
				ASSETCATALOG_COMPILER_APPICON_NAME = "App Icon & Top Shelf Image";
				ASSETCATALOG_COMPILER_LAUNCHIMAGE_NAME = LaunchImage;
				INFOPLIST_FILE = SampletvOS/Info.plist;
				LD_RUNPATH_SEARCH_PATHS = "$(inherited) @executable_path/Frameworks";
				PRODUCT_BUNDLE_IDENTIFIER = com.nikhilkulkarni.SampletvOS;
				PRODUCT_NAME = "$(TARGET_NAME)";
			};
			name = Release;
		};
/* End XCBuildConfiguration section */

/* Begin XCConfigurationList section */
		11D172971BF54B600013D76F /* Build configuration list for PBXProject "SampletvOS" */ = {
			isa = XCConfigurationList;
			buildConfigurations = (
				11D172A91BF54B600013D76F /* Debug */,
				11D172AA1BF54B600013D76F /* Release */,
			);
			defaultConfigurationIsVisible = 0;
			defaultConfigurationName = Release;
		};
		11D172AB1BF54B600013D76F /* Build configuration list for PBXNativeTarget "SampletvOS" */ = {
			isa = XCConfigurationList;
			buildConfigurations = (
				11D172AC1BF54B600013D76F /* Debug */,
				11D172AD1BF54B600013D76F /* Release */,
			);
			defaultConfigurationIsVisible = 0;
		};
/* End XCConfigurationList section */
	};
	rootObject = 11D172941BF54B600013D76F /* Project object */;
}
